// !$*UTF8*$!
{
	archiveVersion = 1;
	classes = {
	};
	objectVersion = 55;
	objects = {

/* Begin PBXBuildFile section */
		F74CCFB427715C0F00CCB7EB /* BlobView.swift in Sources */ = {isa = PBXBuildFile; fileRef = F74CCFB327715C0F00CCB7EB /* BlobView.swift */; };
		F75AA5E82766534900A011F2 /* HexagonView.swift in Sources */ = {isa = PBXBuildFile; fileRef = F75AA5E72766534800A011F2 /* HexagonView.swift */; };
		F7C50C6D276501BA00834096 /* DesignCode15App.swift in Sources */ = {isa = PBXBuildFile; fileRef = F7C50C6C276501BA00834096 /* DesignCode15App.swift */; };
		F7C50C6F276501BA00834096 /* ContentView.swift in Sources */ = {isa = PBXBuildFile; fileRef = F7C50C6E276501BA00834096 /* ContentView.swift */; };
		F7C50C71276501BF00834096 /* Assets.xcassets in Resources */ = {isa = PBXBuildFile; fileRef = F7C50C70276501BF00834096 /* Assets.xcassets */; };
		F7C50C74276501BF00834096 /* Preview Assets.xcassets in Resources */ = {isa = PBXBuildFile; fileRef = F7C50C73276501BF00834096 /* Preview Assets.xcassets */; };
		F7C50C7E276501C000834096 /* DesignCode15Tests.swift in Sources */ = {isa = PBXBuildFile; fileRef = F7C50C7D276501C000834096 /* DesignCode15Tests.swift */; };
		F7C50C88276501C000834096 /* DesignCode15UITests.swift in Sources */ = {isa = PBXBuildFile; fileRef = F7C50C87276501C000834096 /* DesignCode15UITests.swift */; };
		F7C50C8A276501C000834096 /* DesignCode15UITestsLaunchTests.swift in Sources */ = {isa = PBXBuildFile; fileRef = F7C50C89276501C000834096 /* DesignCode15UITestsLaunchTests.swift */; };
		F7C50C9727652A4600834096 /* Styles.swift in Sources */ = {isa = PBXBuildFile; fileRef = F7C50C9627652A4600834096 /* Styles.swift */; };
		F7C50C992765339100834096 /* AccountView.swift in Sources */ = {isa = PBXBuildFile; fileRef = F7C50C982765339100834096 /* AccountView.swift */; };
		F7EF8614276A61CB0064AEED /* LoginView.swift in Sources */ = {isa = PBXBuildFile; fileRef = F7EF8613276A61CB0064AEED /* LoginView.swift */; };
/* End PBXBuildFile section */

/* Begin PBXContainerItemProxy section */
		F7C50C7A276501C000834096 /* PBXContainerItemProxy */ = {
			isa = PBXContainerItemProxy;
			containerPortal = F7C50C61276501BA00834096 /* Project object */;
			proxyType = 1;
			remoteGlobalIDString = F7C50C68276501BA00834096;
			remoteInfo = DesignCode15;
		};
		F7C50C84276501C000834096 /* PBXContainerItemProxy */ = {
			isa = PBXContainerItemProxy;
			containerPortal = F7C50C61276501BA00834096 /* Project object */;
			proxyType = 1;
			remoteGlobalIDString = F7C50C68276501BA00834096;
			remoteInfo = DesignCode15;
		};
/* End PBXContainerItemProxy section */

/* Begin PBXFileReference section */
		F74CCFB327715C0F00CCB7EB /* BlobView.swift */ = {isa = PBXFileReference; lastKnownFileType = sourcecode.swift; path = BlobView.swift; sourceTree = "<group>"; };
		F75AA5E72766534800A011F2 /* HexagonView.swift */ = {isa = PBXFileReference; lastKnownFileType = sourcecode.swift; path = HexagonView.swift; sourceTree = "<group>"; };
		F7C50C69276501BA00834096 /* DesignCode15.app */ = {isa = PBXFileReference; explicitFileType = wrapper.application; includeInIndex = 0; path = DesignCode15.app; sourceTree = BUILT_PRODUCTS_DIR; };
		F7C50C6C276501BA00834096 /* DesignCode15App.swift */ = {isa = PBXFileReference; lastKnownFileType = sourcecode.swift; path = DesignCode15App.swift; sourceTree = "<group>"; };
		F7C50C6E276501BA00834096 /* ContentView.swift */ = {isa = PBXFileReference; lastKnownFileType = sourcecode.swift; path = ContentView.swift; sourceTree = "<group>"; };
		F7C50C70276501BF00834096 /* Assets.xcassets */ = {isa = PBXFileReference; lastKnownFileType = folder.assetcatalog; path = Assets.xcassets; sourceTree = "<group>"; };
		F7C50C73276501BF00834096 /* Preview Assets.xcassets */ = {isa = PBXFileReference; lastKnownFileType = folder.assetcatalog; path = "Preview Assets.xcassets"; sourceTree = "<group>"; };
		F7C50C79276501C000834096 /* DesignCode15Tests.xctest */ = {isa = PBXFileReference; explicitFileType = wrapper.cfbundle; includeInIndex = 0; path = DesignCode15Tests.xctest; sourceTree = BUILT_PRODUCTS_DIR; };
		F7C50C7D276501C000834096 /* DesignCode15Tests.swift */ = {isa = PBXFileReference; lastKnownFileType = sourcecode.swift; path = DesignCode15Tests.swift; sourceTree = "<group>"; };
		F7C50C83276501C000834096 /* DesignCode15UITests.xctest */ = {isa = PBXFileReference; explicitFileType = wrapper.cfbundle; includeInIndex = 0; path = DesignCode15UITests.xctest; sourceTree = BUILT_PRODUCTS_DIR; };
		F7C50C87276501C000834096 /* DesignCode15UITests.swift */ = {isa = PBXFileReference; lastKnownFileType = sourcecode.swift; path = DesignCode15UITests.swift; sourceTree = "<group>"; };
		F7C50C89276501C000834096 /* DesignCode15UITestsLaunchTests.swift */ = {isa = PBXFileReference; lastKnownFileType = sourcecode.swift; path = DesignCode15UITestsLaunchTests.swift; sourceTree = "<group>"; };
		F7C50C9627652A4600834096 /* Styles.swift */ = {isa = PBXFileReference; lastKnownFileType = sourcecode.swift; path = Styles.swift; sourceTree = "<group>"; };
		F7C50C982765339100834096 /* AccountView.swift */ = {isa = PBXFileReference; lastKnownFileType = sourcecode.swift; path = AccountView.swift; sourceTree = "<group>"; };
		F7EF8613276A61CB0064AEED /* LoginView.swift */ = {isa = PBXFileReference; lastKnownFileType = sourcecode.swift; path = LoginView.swift; sourceTree = "<group>"; };
/* End PBXFileReference section */

/* Begin PBXFrameworksBuildPhase section */
		F7C50C66276501BA00834096 /* Frameworks */ = {
			isa = PBXFrameworksBuildPhase;
			buildActionMask = 2147483647;
			files = (
			);
			runOnlyForDeploymentPostprocessing = 0;
		};
		F7C50C76276501C000834096 /* Frameworks */ = {
			isa = PBXFrameworksBuildPhase;
			buildActionMask = 2147483647;
			files = (
			);
			runOnlyForDeploymentPostprocessing = 0;
		};
		F7C50C80276501C000834096 /* Frameworks */ = {
			isa = PBXFrameworksBuildPhase;
			buildActionMask = 2147483647;
			files = (
			);
			runOnlyForDeploymentPostprocessing = 0;
		};
/* End PBXFrameworksBuildPhase section */

/* Begin PBXGroup section */
		F7C50C60276501BA00834096 = {
			isa = PBXGroup;
			children = (
				F7C50C6B276501BA00834096 /* DesignCode15 */,
				F7C50C7C276501C000834096 /* DesignCode15Tests */,
				F7C50C86276501C000834096 /* DesignCode15UITests */,
				F7C50C6A276501BA00834096 /* Products */,
			);
			sourceTree = "<group>";
		};
		F7C50C6A276501BA00834096 /* Products */ = {
			isa = PBXGroup;
			children = (
				F7C50C69276501BA00834096 /* DesignCode15.app */,
				F7C50C79276501C000834096 /* DesignCode15Tests.xctest */,
				F7C50C83276501C000834096 /* DesignCode15UITests.xctest */,
			);
			name = Products;
			sourceTree = "<group>";
		};
		F7C50C6B276501BA00834096 /* DesignCode15 */ = {
			isa = PBXGroup;
			children = (
				F7C50C6C276501BA00834096 /* DesignCode15App.swift */,
				F7C50C6E276501BA00834096 /* ContentView.swift */,
				F7C50C982765339100834096 /* AccountView.swift */,
				F7EF8613276A61CB0064AEED /* LoginView.swift */,
				F74CCFB327715C0F00CCB7EB /* BlobView.swift */,
				F75AA5E72766534800A011F2 /* HexagonView.swift */,
				F7C50C9627652A4600834096 /* Styles.swift */,
				F7C50C70276501BF00834096 /* Assets.xcassets */,
				F7C50C72276501BF00834096 /* Preview Content */,
			);
			path = DesignCode15;
			sourceTree = "<group>";
		};
		F7C50C72276501BF00834096 /* Preview Content */ = {
			isa = PBXGroup;
			children = (
				F7C50C73276501BF00834096 /* Preview Assets.xcassets */,
			);
			path = "Preview Content";
			sourceTree = "<group>";
		};
		F7C50C7C276501C000834096 /* DesignCode15Tests */ = {
			isa = PBXGroup;
			children = (
				F7C50C7D276501C000834096 /* DesignCode15Tests.swift */,
			);
			path = DesignCode15Tests;
			sourceTree = "<group>";
		};
		F7C50C86276501C000834096 /* DesignCode15UITests */ = {
			isa = PBXGroup;
			children = (
				F7C50C87276501C000834096 /* DesignCode15UITests.swift */,
				F7C50C89276501C000834096 /* DesignCode15UITestsLaunchTests.swift */,
			);
			path = DesignCode15UITests;
			sourceTree = "<group>";
		};
/* End PBXGroup section */

/* Begin PBXNativeTarget section */
		F7C50C68276501BA00834096 /* DesignCode15 */ = {
			isa = PBXNativeTarget;
			buildConfigurationList = F7C50C8D276501C000834096 /* Build configuration list for PBXNativeTarget "DesignCode15" */;
			buildPhases = (
				F7C50C65276501BA00834096 /* Sources */,
				F7C50C66276501BA00834096 /* Frameworks */,
				F7C50C67276501BA00834096 /* Resources */,
			);
			buildRules = (
			);
			dependencies = (
			);
			name = DesignCode15;
			productName = DesignCode15;
			productReference = F7C50C69276501BA00834096 /* DesignCode15.app */;
			productType = "com.apple.product-type.application";
		};
		F7C50C78276501C000834096 /* DesignCode15Tests */ = {
			isa = PBXNativeTarget;
			buildConfigurationList = F7C50C90276501C000834096 /* Build configuration list for PBXNativeTarget "DesignCode15Tests" */;
			buildPhases = (
				F7C50C75276501C000834096 /* Sources */,
				F7C50C76276501C000834096 /* Frameworks */,
				F7C50C77276501C000834096 /* Resources */,
			);
			buildRules = (
			);
			dependencies = (
				F7C50C7B276501C000834096 /* PBXTargetDependency */,
			);
			name = DesignCode15Tests;
			productName = DesignCode15Tests;
			productReference = F7C50C79276501C000834096 /* DesignCode15Tests.xctest */;
			productType = "com.apple.product-type.bundle.unit-test";
		};
		F7C50C82276501C000834096 /* DesignCode15UITests */ = {
			isa = PBXNativeTarget;
			buildConfigurationList = F7C50C93276501C000834096 /* Build configuration list for PBXNativeTarget "DesignCode15UITests" */;
			buildPhases = (
				F7C50C7F276501C000834096 /* Sources */,
				F7C50C80276501C000834096 /* Frameworks */,
				F7C50C81276501C000834096 /* Resources */,
			);
			buildRules = (
			);
			dependencies = (
				F7C50C85276501C000834096 /* PBXTargetDependency */,
			);
			name = DesignCode15UITests;
			productName = DesignCode15UITests;
			productReference = F7C50C83276501C000834096 /* DesignCode15UITests.xctest */;
			productType = "com.apple.product-type.bundle.ui-testing";
		};
/* End PBXNativeTarget section */

/* Begin PBXProject section */
		F7C50C61276501BA00834096 /* Project object */ = {
			isa = PBXProject;
			attributes = {
				BuildIndependentTargetsInParallel = 1;
				LastSwiftUpdateCheck = 1310;
				LastUpgradeCheck = 1310;
				TargetAttributes = {
					F7C50C68276501BA00834096 = {
						CreatedOnToolsVersion = 13.1;
					};
					F7C50C78276501C000834096 = {
						CreatedOnToolsVersion = 13.1;
						TestTargetID = F7C50C68276501BA00834096;
					};
					F7C50C82276501C000834096 = {
						CreatedOnToolsVersion = 13.1;
						TestTargetID = F7C50C68276501BA00834096;
					};
				};
			};
			buildConfigurationList = F7C50C64276501BA00834096 /* Build configuration list for PBXProject "DesignCode15" */;
			compatibilityVersion = "Xcode 13.0";
			developmentRegion = en;
			hasScannedForEncodings = 0;
			knownRegions = (
				en,
				Base,
			);
			mainGroup = F7C50C60276501BA00834096;
			productRefGroup = F7C50C6A276501BA00834096 /* Products */;
			projectDirPath = "";
			projectRoot = "";
			targets = (
				F7C50C68276501BA00834096 /* DesignCode15 */,
				F7C50C78276501C000834096 /* DesignCode15Tests */,
				F7C50C82276501C000834096 /* DesignCode15UITests */,
			);
		};
/* End PBXProject section */

/* Begin PBXResourcesBuildPhase section */
		F7C50C67276501BA00834096 /* Resources */ = {
			isa = PBXResourcesBuildPhase;
			buildActionMask = 2147483647;
			files = (
				F7C50C74276501BF00834096 /* Preview Assets.xcassets in Resources */,
				F7C50C71276501BF00834096 /* Assets.xcassets in Resources */,
			);
			runOnlyForDeploymentPostprocessing = 0;
		};
		F7C50C77276501C000834096 /* Resources */ = {
			isa = PBXResourcesBuildPhase;
			buildActionMask = 2147483647;
			files = (
			);
			runOnlyForDeploymentPostprocessing = 0;
		};
		F7C50C81276501C000834096 /* Resources */ = {
			isa = PBXResourcesBuildPhase;
			buildActionMask = 2147483647;
			files = (
			);
			runOnlyForDeploymentPostprocessing = 0;
		};
/* End PBXResourcesBuildPhase section */

/* Begin PBXSourcesBuildPhase section */
		F7C50C65276501BA00834096 /* Sources */ = {
			isa = PBXSourcesBuildPhase;
			buildActionMask = 2147483647;
			files = (
				F7EF8614276A61CB0064AEED /* LoginView.swift in Sources */,
				F7C50C992765339100834096 /* AccountView.swift in Sources */,
				F75AA5E82766534900A011F2 /* HexagonView.swift in Sources */,
				F7C50C9727652A4600834096 /* Styles.swift in Sources */,
				F7C50C6F276501BA00834096 /* ContentView.swift in Sources */,
				F7C50C6D276501BA00834096 /* DesignCode15App.swift in Sources */,
				F74CCFB427715C0F00CCB7EB /* BlobView.swift in Sources */,
			);
			runOnlyForDeploymentPostprocessing = 0;
		};
		F7C50C75276501C000834096 /* Sources */ = {
			isa = PBXSourcesBuildPhase;
			buildActionMask = 2147483647;
			files = (
				F7C50C7E276501C000834096 /* DesignCode15Tests.swift in Sources */,
			);
			runOnlyForDeploymentPostprocessing = 0;
		};
		F7C50C7F276501C000834096 /* Sources */ = {
			isa = PBXSourcesBuildPhase;
			buildActionMask = 2147483647;
			files = (
				F7C50C88276501C000834096 /* DesignCode15UITests.swift in Sources */,
				F7C50C8A276501C000834096 /* DesignCode15UITestsLaunchTests.swift in Sources */,
			);
			runOnlyForDeploymentPostprocessing = 0;
		};
/* End PBXSourcesBuildPhase section */

/* Begin PBXTargetDependency section */
		F7C50C7B276501C000834096 /* PBXTargetDependency */ = {
			isa = PBXTargetDependency;
			target = F7C50C68276501BA00834096 /* DesignCode15 */;
			targetProxy = F7C50C7A276501C000834096 /* PBXContainerItemProxy */;
		};
		F7C50C85276501C000834096 /* PBXTargetDependency */ = {
			isa = PBXTargetDependency;
			target = F7C50C68276501BA00834096 /* DesignCode15 */;
			targetProxy = F7C50C84276501C000834096 /* PBXContainerItemProxy */;
		};
/* End PBXTargetDependency section */

/* Begin XCBuildConfiguration section */
		F7C50C8B276501C000834096 /* Debug */ = {
			isa = XCBuildConfiguration;
			buildSettings = {
				ALWAYS_SEARCH_USER_PATHS = NO;
				CLANG_ANALYZER_NONNULL = YES;
				CLANG_ANALYZER_NUMBER_OBJECT_CONVERSION = YES_AGGRESSIVE;
				CLANG_CXX_LANGUAGE_STANDARD = "gnu++17";
				CLANG_CXX_LIBRARY = "libc++";
				CLANG_ENABLE_MODULES = YES;
				CLANG_ENABLE_OBJC_ARC = YES;
				CLANG_ENABLE_OBJC_WEAK = YES;
				CLANG_WARN_BLOCK_CAPTURE_AUTORELEASING = YES;
				CLANG_WARN_BOOL_CONVERSION = YES;
				CLANG_WARN_COMMA = YES;
				CLANG_WARN_CONSTANT_CONVERSION = YES;
				CLANG_WARN_DEPRECATED_OBJC_IMPLEMENTATIONS = YES;
				CLANG_WARN_DIRECT_OBJC_ISA_USAGE = YES_ERROR;
				CLANG_WARN_DOCUMENTATION_COMMENTS = YES;
				CLANG_WARN_EMPTY_BODY = YES;
				CLANG_WARN_ENUM_CONVERSION = YES;
				CLANG_WARN_INFINITE_RECURSION = YES;
				CLANG_WARN_INT_CONVERSION = YES;
				CLANG_WARN_NON_LITERAL_NULL_CONVERSION = YES;
				CLANG_WARN_OBJC_IMPLICIT_RETAIN_SELF = YES;
				CLANG_WARN_OBJC_LITERAL_CONVERSION = YES;
				CLANG_WARN_OBJC_ROOT_CLASS = YES_ERROR;
				CLANG_WARN_QUOTED_INCLUDE_IN_FRAMEWORK_HEADER = YES;
				CLANG_WARN_RANGE_LOOP_ANALYSIS = YES;
				CLANG_WARN_STRICT_PROTOTYPES = YES;
				CLANG_WARN_SUSPICIOUS_MOVE = YES;
				CLANG_WARN_UNGUARDED_AVAILABILITY = YES_AGGRESSIVE;
				CLANG_WARN_UNREACHABLE_CODE = YES;
				CLANG_WARN__DUPLICATE_METHOD_MATCH = YES;
				COPY_PHASE_STRIP = NO;
				DEBUG_INFORMATION_FORMAT = dwarf;
				ENABLE_STRICT_OBJC_MSGSEND = YES;
				ENABLE_TESTABILITY = YES;
				GCC_C_LANGUAGE_STANDARD = gnu11;
				GCC_DYNAMIC_NO_PIC = NO;
				GCC_NO_COMMON_BLOCKS = YES;
				GCC_OPTIMIZATION_LEVEL = 0;
				GCC_PREPROCESSOR_DEFINITIONS = (
					"DEBUG=1",
					"$(inherited)",
				);
				GCC_WARN_64_TO_32_BIT_CONVERSION = YES;
				GCC_WARN_ABOUT_RETURN_TYPE = YES_ERROR;
				GCC_WARN_UNDECLARED_SELECTOR = YES;
				GCC_WARN_UNINITIALIZED_AUTOS = YES_AGGRESSIVE;
				GCC_WARN_UNUSED_FUNCTION = YES;
				GCC_WARN_UNUSED_VARIABLE = YES;
				IPHONEOS_DEPLOYMENT_TARGET = 15.0;
				MTL_ENABLE_DEBUG_INFO = INCLUDE_SOURCE;
				MTL_FAST_MATH = YES;
				ONLY_ACTIVE_ARCH = YES;
				SDKROOT = iphoneos;
				SWIFT_ACTIVE_COMPILATION_CONDITIONS = DEBUG;
				SWIFT_OPTIMIZATION_LEVEL = "-Onone";
			};
			name = Debug;
		};
		F7C50C8C276501C000834096 /* Release */ = {
			isa = XCBuildConfiguration;
			buildSettings = {
				ALWAYS_SEARCH_USER_PATHS = NO;
				CLANG_ANALYZER_NONNULL = YES;
				CLANG_ANALYZER_NUMBER_OBJECT_CONVERSION = YES_AGGRESSIVE;
				CLANG_CXX_LANGUAGE_STANDARD = "gnu++17";
				CLANG_CXX_LIBRARY = "libc++";
				CLANG_ENABLE_MODULES = YES;
				CLANG_ENABLE_OBJC_ARC = YES;
				CLANG_ENABLE_OBJC_WEAK = YES;
				CLANG_WARN_BLOCK_CAPTURE_AUTORELEASING = YES;
				CLANG_WARN_BOOL_CONVERSION = YES;
				CLANG_WARN_COMMA = YES;
				CLANG_WARN_CONSTANT_CONVERSION = YES;
				CLANG_WARN_DEPRECATED_OBJC_IMPLEMENTATIONS = YES;
				CLANG_WARN_DIRECT_OBJC_ISA_USAGE = YES_ERROR;
				CLANG_WARN_DOCUMENTATION_COMMENTS = YES;
				CLANG_WARN_EMPTY_BODY = YES;
				CLANG_WARN_ENUM_CONVERSION = YES;
				CLANG_WARN_INFINITE_RECURSION = YES;
				CLANG_WARN_INT_CONVERSION = YES;
				CLANG_WARN_NON_LITERAL_NULL_CONVERSION = YES;
				CLANG_WARN_OBJC_IMPLICIT_RETAIN_SELF = YES;
				CLANG_WARN_OBJC_LITERAL_CONVERSION = YES;
				CLANG_WARN_OBJC_ROOT_CLASS = YES_ERROR;
				CLANG_WARN_QUOTED_INCLUDE_IN_FRAMEWORK_HEADER = YES;
				CLANG_WARN_RANGE_LOOP_ANALYSIS = YES;
				CLANG_WARN_STRICT_PROTOTYPES = YES;
				CLANG_WARN_SUSPICIOUS_MOVE = YES;
				CLANG_WARN_UNGUARDED_AVAILABILITY = YES_AGGRESSIVE;
				CLANG_WARN_UNREACHABLE_CODE = YES;
				CLANG_WARN__DUPLICATE_METHOD_MATCH = YES;
				COPY_PHASE_STRIP = NO;
				DEBUG_INFORMATION_FORMAT = "dwarf-with-dsym";
				ENABLE_NS_ASSERTIONS = NO;
				ENABLE_STRICT_OBJC_MSGSEND = YES;
				GCC_C_LANGUAGE_STANDARD = gnu11;
				GCC_NO_COMMON_BLOCKS = YES;
				GCC_WARN_64_TO_32_BIT_CONVERSION = YES;
				GCC_WARN_ABOUT_RETURN_TYPE = YES_ERROR;
				GCC_WARN_UNDECLARED_SELECTOR = YES;
				GCC_WARN_UNINITIALIZED_AUTOS = YES_AGGRESSIVE;
				GCC_WARN_UNUSED_FUNCTION = YES;
				GCC_WARN_UNUSED_VARIABLE = YES;
				IPHONEOS_DEPLOYMENT_TARGET = 15.0;
				MTL_ENABLE_DEBUG_INFO = NO;
				MTL_FAST_MATH = YES;
				SDKROOT = iphoneos;
				SWIFT_COMPILATION_MODE = wholemodule;
				SWIFT_OPTIMIZATION_LEVEL = "-O";
				VALIDATE_PRODUCT = YES;
			};
			name = Release;
		};
		F7C50C8E276501C000834096 /* Debug */ = {
			isa = XCBuildConfiguration;
			buildSettings = {
				ASSETCATALOG_COMPILER_APPICON_NAME = AppIcon;
				ASSETCATALOG_COMPILER_GLOBAL_ACCENT_COLOR_NAME = AccentColor;
				CODE_SIGN_STYLE = Automatic;
				CURRENT_PROJECT_VERSION = 1;
				DEVELOPMENT_ASSET_PATHS = "\"DesignCode15/Preview Content\"";
				DEVELOPMENT_TEAM = 68ZWDW3GWY;
				ENABLE_PREVIEWS = YES;
				GENERATE_INFOPLIST_FILE = YES;
				INFOPLIST_KEY_UIApplicationSceneManifest_Generation = YES;
				INFOPLIST_KEY_UIApplicationSupportsIndirectInputEvents = YES;
				INFOPLIST_KEY_UILaunchScreen_Generation = YES;
				INFOPLIST_KEY_UISupportedInterfaceOrientations_iPad = "UIInterfaceOrientationPortrait UIInterfaceOrientationPortraitUpsideDown UIInterfaceOrientationLandscapeLeft UIInterfaceOrientationLandscapeRight";
				INFOPLIST_KEY_UISupportedInterfaceOrientations_iPhone = "UIInterfaceOrientationPortrait UIInterfaceOrientationLandscapeLeft UIInterfaceOrientationLandscapeRight";
				LD_RUNPATH_SEARCH_PATHS = (
					"$(inherited)",
					"@executable_path/Frameworks",
				);
				MARKETING_VERSION = 1.0;
				PRODUCT_BUNDLE_IDENTIFIER = com.ishanicey.DesignCode15;
				PRODUCT_NAME = "$(TARGET_NAME)";
				SWIFT_EMIT_LOC_STRINGS = YES;
				SWIFT_VERSION = 5.0;
				TARGETED_DEVICE_FAMILY = "1,2";
			};
			name = Debug;
		};
		F7C50C8F276501C000834096 /* Release */ = {
			isa = XCBuildConfiguration;
			buildSettings = {
				ASSETCATALOG_COMPILER_APPICON_NAME = AppIcon;
				ASSETCATALOG_COMPILER_GLOBAL_ACCENT_COLOR_NAME = AccentColor;
				CODE_SIGN_STYLE = Automatic;
				CURRENT_PROJECT_VERSION = 1;
				DEVELOPMENT_ASSET_PATHS = "\"DesignCode15/Preview Content\"";
				DEVELOPMENT_TEAM = 68ZWDW3GWY;
				ENABLE_PREVIEWS = YES;
				GENERATE_INFOPLIST_FILE = YES;
				INFOPLIST_KEY_UIApplicationSceneManifest_Generation = YES;
				INFOPLIST_KEY_UIApplicationSupportsIndirectInputEvents = YES;
				INFOPLIST_KEY_UILaunchScreen_Generation = YES;
				INFOPLIST_KEY_UISupportedInterfaceOrientations_iPad = "UIInterfaceOrientationPortrait UIInterfaceOrientationPortraitUpsideDown UIInterfaceOrientationLandscapeLeft UIInterfaceOrientationLandscapeRight";
				INFOPLIST_KEY_UISupportedInterfaceOrientations_iPhone = "UIInterfaceOrientationPortrait UIInterfaceOrientationLandscapeLeft UIInterfaceOrientationLandscapeRight";
				LD_RUNPATH_SEARCH_PATHS = (
					"$(inherited)",
					"@executable_path/Frameworks",
				);
				MARKETING_VERSION = 1.0;
				PRODUCT_BUNDLE_IDENTIFIER = com.ishanicey.DesignCode15;
				PRODUCT_NAME = "$(TARGET_NAME)";
				SWIFT_EMIT_LOC_STRINGS = YES;
				SWIFT_VERSION = 5.0;
				TARGETED_DEVICE_FAMILY = "1,2";
			};
			name = Release;
		};
		F7C50C91276501C000834096 /* Debug */ = {
			isa = XCBuildConfiguration;
			buildSettings = {
				ALWAYS_EMBED_SWIFT_STANDARD_LIBRARIES = YES;
				BUNDLE_LOADER = "$(TEST_HOST)";
				CODE_SIGN_STYLE = Automatic;
				CURRENT_PROJECT_VERSION = 1;
				DEVELOPMENT_TEAM = 68ZWDW3GWY;
				GENERATE_INFOPLIST_FILE = YES;
				IPHONEOS_DEPLOYMENT_TARGET = 15.0;
				LD_RUNPATH_SEARCH_PATHS = (
					"$(inherited)",
					"@executable_path/Frameworks",
					"@loader_path/Frameworks",
				);
				MARKETING_VERSION = 1.0;
				PRODUCT_BUNDLE_IDENTIFIER = com.ishanicey.DesignCode15Tests;
				PRODUCT_NAME = "$(TARGET_NAME)";
				SWIFT_EMIT_LOC_STRINGS = NO;
				SWIFT_VERSION = 5.0;
				TARGETED_DEVICE_FAMILY = "1,2";
				TEST_HOST = "$(BUILT_PRODUCTS_DIR)/DesignCode15.app/DesignCode15";
			};
			name = Debug;
		};
		F7C50C92276501C000834096 /* Release */ = {
			isa = XCBuildConfiguration;
			buildSettings = {
				ALWAYS_EMBED_SWIFT_STANDARD_LIBRARIES = YES;
				BUNDLE_LOADER = "$(TEST_HOST)";
				CODE_SIGN_STYLE = Automatic;
				CURRENT_PROJECT_VERSION = 1;
				DEVELOPMENT_TEAM = 68ZWDW3GWY;
				GENERATE_INFOPLIST_FILE = YES;
				IPHONEOS_DEPLOYMENT_TARGET = 15.0;
				LD_RUNPATH_SEARCH_PATHS = (
					"$(inherited)",
					"@executable_path/Frameworks",
					"@loader_path/Frameworks",
				);
				MARKETING_VERSION = 1.0;
				PRODUCT_BUNDLE_IDENTIFIER = com.ishanicey.DesignCode15Tests;
				PRODUCT_NAME = "$(TARGET_NAME)";
				SWIFT_EMIT_LOC_STRINGS = NO;
				SWIFT_VERSION = 5.0;
				TARGETED_DEVICE_FAMILY = "1,2";
				TEST_HOST = "$(BUILT_PRODUCTS_DIR)/DesignCode15.app/DesignCode15";
			};
			name = Release;
		};
		F7C50C94276501C000834096 /* Debug */ = {
			isa = XCBuildConfiguration;
			buildSettings = {
				ALWAYS_EMBED_SWIFT_STANDARD_LIBRARIES = YES;
				CODE_SIGN_STYLE = Automatic;
				CURRENT_PROJECT_VERSION = 1;
				DEVELOPMENT_TEAM = 68ZWDW3GWY;
				GENERATE_INFOPLIST_FILE = YES;
				LD_RUNPATH_SEARCH_PATHS = (
					"$(inherited)",
					"@executable_path/Frameworks",
					"@loader_path/Frameworks",
				);
				MARKETING_VERSION = 1.0;
				PRODUCT_BUNDLE_IDENTIFIER = com.ishanicey.DesignCode15UITests;
				PRODUCT_NAME = "$(TARGET_NAME)";
				SWIFT_EMIT_LOC_STRINGS = NO;
				SWIFT_VERSION = 5.0;
				TARGETED_DEVICE_FAMILY = "1,2";
				TEST_TARGET_NAME = DesignCode15;
			};
			name = Debug;
		};
		F7C50C95276501C000834096 /* Release */ = {
			isa = XCBuildConfiguration;
			buildSettings = {
				ALWAYS_EMBED_SWIFT_STANDARD_LIBRARIES = YES;
				CODE_SIGN_STYLE = Automatic;
				CURRENT_PROJECT_VERSION = 1;
				DEVELOPMENT_TEAM = 68ZWDW3GWY;
				GENERATE_INFOPLIST_FILE = YES;
				LD_RUNPATH_SEARCH_PATHS = (
					"$(inherited)",
					"@executable_path/Frameworks",
					"@loader_path/Frameworks",
				);
				MARKETING_VERSION = 1.0;
				PRODUCT_BUNDLE_IDENTIFIER = com.ishanicey.DesignCode15UITests;
				PRODUCT_NAME = "$(TARGET_NAME)";
				SWIFT_EMIT_LOC_STRINGS = NO;
				SWIFT_VERSION = 5.0;
				TARGETED_DEVICE_FAMILY = "1,2";
				TEST_TARGET_NAME = DesignCode15;
			};
			name = Release;
		};
/* End XCBuildConfiguration section */

/* Begin XCConfigurationList section */
		F7C50C64276501BA00834096 /* Build configuration list for PBXProject "DesignCode15" */ = {
			isa = XCConfigurationList;
			buildConfigurations = (
				F7C50C8B276501C000834096 /* Debug */,
				F7C50C8C276501C000834096 /* Release */,
			);
			defaultConfigurationIsVisible = 0;
			defaultConfigurationName = Release;
		};
		F7C50C8D276501C000834096 /* Build configuration list for PBXNativeTarget "DesignCode15" */ = {
			isa = XCConfigurationList;
			buildConfigurations = (
				F7C50C8E276501C000834096 /* Debug */,
				F7C50C8F276501C000834096 /* Release */,
			);
			defaultConfigurationIsVisible = 0;
			defaultConfigurationName = Release;
		};
		F7C50C90276501C000834096 /* Build configuration list for PBXNativeTarget "DesignCode15Tests" */ = {
			isa = XCConfigurationList;
			buildConfigurations = (
				F7C50C91276501C000834096 /* Debug */,
				F7C50C92276501C000834096 /* Release */,
			);
			defaultConfigurationIsVisible = 0;
			defaultConfigurationName = Release;
		};
		F7C50C93276501C000834096 /* Build configuration list for PBXNativeTarget "DesignCode15UITests" */ = {
			isa = XCConfigurationList;
			buildConfigurations = (
				F7C50C94276501C000834096 /* Debug */,
				F7C50C95276501C000834096 /* Release */,
			);
			defaultConfigurationIsVisible = 0;
			defaultConfigurationName = Release;
		};
/* End XCConfigurationList section */
	};
	rootObject = F7C50C61276501BA00834096 /* Project object */;
}
